version = 1
requires-python = ">=3.11"

[[package]]
name = "fastdaimacodeassist"
version = "0.1.0"
source = { virtual = "." }
dependencies = [
    { name = "tree-sitter-languages" },
]

[package.metadata]
requires-dist = [{ name = "tree-sitter-languages", specifier = ">=1.10.2" }]

[[package]]
name = "tree-sitter"
version = "0.23.2"
source = { registry = "https://pypi.org/simple" }
sdist = { url = "https://files.pythonhosted.org/packages/0f/50/fd5fafa42b884f741b28d9e6fd366c3f34e15d2ed3aa9633b34e388379e2/tree-sitter-0.23.2.tar.gz", hash = "sha256:66bae8dd47f1fed7bdef816115146d3a41c39b5c482d7bad36d9ba1def088450", size = 166800 }
wheels = [
    { url = "https://files.pythonhosted.org/packages/55/8d/2d4fb04408772be0919441d66f700673ce7cb76b9ab6682e226d740fb88d/tree_sitter-0.23.2-cp311-cp311-macosx_10_9_x86_64.whl", hash = "sha256:91fda41d4f8824335cc43c64e2c37d8089c8c563bd3900a512d2852d075af719", size = 139142 },
    { url = "https://files.pythonhosted.org/packages/32/52/b8a44bfff7b0203256e5dbc8d3a372ee8896128b8ed7d3a89e1ef17b2065/tree_sitter-0.23.2-cp311-cp311-macosx_11_0_arm64.whl", hash = "sha256:92b2b489d5ce54b41f94c6f23fbaf592bd6e84dc2877048fd1cb060480fa53f7", size = 132198 },
    { url = "https://files.pythonhosted.org/packages/5d/54/746f2ee5acf6191a4a0be7f5843329f0d713bfe5196f5fc6fe2ea69cb44c/tree_sitter-0.23.2-cp311-cp311-manylinux_2_17_aarch64.manylinux2014_aarch64.whl", hash = "sha256:64859bd4aa1567d0d6016a811b2b49c59d4a4427d096e3d8c84b2521455f62b7", size = 554303 },
    { url = "https://files.pythonhosted.org/packages/2f/5a/3169d9933be813776a9b4b3f2e671d3d50fa27e589dee5578f6ecef7ff6d/tree_sitter-0.23.2-cp311-cp311-manylinux_2_17_x86_64.manylinux2014_x86_64.whl", hash = "sha256:614590611636044e071d3a0b748046d52676dbda3bc9fa431216231e11dd98f7", size = 567626 },
    { url = "https://files.pythonhosted.org/packages/32/0d/23f363b3b0bc3fa0e7a4a294bf119957ac1ab02737d57815e1e8b7b3e196/tree_sitter-0.23.2-cp311-cp311-musllinux_1_2_aarch64.whl", hash = "sha256:08466953c78ae57be61057188fb88c89791b0a562856010228e0ccf60e2ac453", size = 559803 },
    { url = "https://files.pythonhosted.org/packages/6f/b3/1ffba0f17a7ff2c9114d91a1ecc15e0748f217817797564d31fbb61d7458/tree_sitter-0.23.2-cp311-cp311-musllinux_1_2_x86_64.whl", hash = "sha256:8a33f03a562de91f7fd05eefcedd8994a06cd44c62f7aabace811ad82bc11cbd", size = 570987 },
    { url = "https://files.pythonhosted.org/packages/59/4b/085bcb8a11ea18003aacc4dbc91c301d1536c5e2deedb95393e8ef26f1f7/tree_sitter-0.23.2-cp311-cp311-win_amd64.whl", hash = "sha256:03b70296b569ef64f7b92b42ca5da9bf86d81bee2afd480bea35092687f51dae", size = 117771 },
    { url = "https://files.pythonhosted.org/packages/4b/e5/90adc4081f49ccb6bea89a800dc9b0dcc5b6953b0da423e8eff28f63fddf/tree_sitter-0.23.2-cp311-cp311-win_arm64.whl", hash = "sha256:7cb4bb953ea7c0b50eeafc4454783e030357179d2a93c3dd5ebed2da5588ddd0", size = 102555 },
    { url = "https://files.pythonhosted.org/packages/07/a7/57e0fe87b49a78c670a7b4483f70e44c000c65c29b138001096b22e7dd87/tree_sitter-0.23.2-cp312-cp312-macosx_10_13_x86_64.whl", hash = "sha256:a014498b6a9e6003fae8c6eb72f5927d62da9dcb72b28b3ce8cd15c6ff6a6572", size = 139259 },
    { url = "https://files.pythonhosted.org/packages/b4/b9/bc8513d818ffb54993a017a36c8739300bc5739a13677acf90b54995e7db/tree_sitter-0.23.2-cp312-cp312-macosx_11_0_arm64.whl", hash = "sha256:04f8699b131d4bcbe3805c37e4ef3d159ee9a82a0e700587625623999ba0ea53", size = 131951 },
    { url = "https://files.pythonhosted.org/packages/d7/6a/eab01bb6b1ce3c9acf16d72922ffc29a904af485eb3e60baf3a3e04edd30/tree_sitter-0.23.2-cp312-cp312-manylinux_2_17_aarch64.manylinux2014_aarch64.whl", hash = "sha256:4471577df285059c71686ecb208bc50fb472099b38dcc8e849b0e86652891e87", size = 557952 },
    { url = "https://files.pythonhosted.org/packages/bd/95/f2f73332623cf63200d57800f85273170bc5f99d28ea3f234afd5b0048df/tree_sitter-0.23.2-cp312-cp312-manylinux_2_17_x86_64.manylinux2014_x86_64.whl", hash = "sha256:f342c925290dd4e20ecd5787ef7ae8749981597ab364783a1eb73173efe65226", size = 571199 },
    { url = "https://files.pythonhosted.org/packages/04/ac/bd6e6cfdd0421156e86f5c93848629af1c7323083077e1a95b27d32d5811/tree_sitter-0.23.2-cp312-cp312-musllinux_1_2_aarch64.whl", hash = "sha256:a4e9e53d07dd076bede72e4f7d3a0173d7b9ad6576572dd86da008a740a9bb22", size = 562129 },
    { url = "https://files.pythonhosted.org/packages/7b/bd/8a9edcbcf8a76b0bf58e3b927ed291e3598e063d56667367762833cc8709/tree_sitter-0.23.2-cp312-cp312-musllinux_1_2_x86_64.whl", hash = "sha256:8caebe65bc358759dac2500d8f8feed3aed939c4ade9a684a1783fe07bc7d5db", size = 574307 },
    { url = "https://files.pythonhosted.org/packages/0c/c2/3fb2c6c0ae2f59a7411dc6d3e7945e3cb6f34c8552688708acc8b2b13f83/tree_sitter-0.23.2-cp312-cp312-win_amd64.whl", hash = "sha256:fc5a72eb50d43485000dbbb309acb350467b7467e66dc747c6bb82ce63041582", size = 117858 },
    { url = "https://files.pythonhosted.org/packages/e2/18/4ca2c0f4a0c802ebcb3a92264cc436f1d54b394fa24dfa76bf57cdeaca9e/tree_sitter-0.23.2-cp312-cp312-win_arm64.whl", hash = "sha256:a0320eb6c7993359c5f7b371d22719ccd273f440d41cf1bd65dac5e9587f2046", size = 102496 },
    { url = "https://files.pythonhosted.org/packages/ba/c6/4ead9ce3113a7c27f37a2bdef163c09757efbaa85adbdfe7b3fbf0317c57/tree_sitter-0.23.2-cp313-cp313-macosx_10_13_x86_64.whl", hash = "sha256:eff630dddee7ba05accb439b17e559e15ce13f057297007c246237ceb6306332", size = 139266 },
    { url = "https://files.pythonhosted.org/packages/76/c9/b4197c5b0c1d6ba648202a547846ac910a53163b69a459504b2aa6cdb76e/tree_sitter-0.23.2-cp313-cp313-macosx_11_0_arm64.whl", hash = "sha256:4780ba8f3894f2dea869fad2995c2aceab3fd5ab9e6a27c45475d2acd7f7e84e", size = 131959 },
    { url = "https://files.pythonhosted.org/packages/99/94/0f7c5580d2adff3b57d36f1998725b0caf6cf1af50ceafc00c6cdbc2fef6/tree_sitter-0.23.2-cp313-cp313-manylinux_2_17_aarch64.manylinux2014_aarch64.whl", hash = "sha256:f0b609460b8e3e256361fb12e94fae5b728cb835b16f0f9d590b5aadbf9d109b", size = 557582 },
    { url = "https://files.pythonhosted.org/packages/97/8a/f73ff06959d43fd47fc283cbcc4d8efa6550b2cc431d852b184504992447/tree_sitter-0.23.2-cp313-cp313-manylinux_2_17_x86_64.manylinux2014_x86_64.whl", hash = "sha256:78d070d8eaeaeb36cf535f55e5578fddbfc3bf53c1980f58bf1a99d57466b3b5", size = 570891 },
    { url = "https://files.pythonhosted.org/packages/b8/86/bbda5ad09b88051ff7bf3275622a2f79bc4f728b4c283ff8b93b8fcdf36d/tree_sitter-0.23.2-cp313-cp313-musllinux_1_2_aarch64.whl", hash = "sha256:878580b2ad5054c410ba3418edca4d34c81cc26706114d8f5b5541688bc2d785", size = 562343 },
    { url = "https://files.pythonhosted.org/packages/ca/55/b404fa49cb5c2926ad6fe1cac033dd486ef69f1afeb7828452d21e1e05c1/tree_sitter-0.23.2-cp313-cp313-musllinux_1_2_x86_64.whl", hash = "sha256:29224bdc2a3b9af535b7725e249d3ee291b2e90708e82832e73acc175e40dc48", size = 574407 },
    { url = "https://files.pythonhosted.org/packages/c2/c8/eea2104443ab973091107ef3e730683bd8e6cb51dd025cef853d3fff9dae/tree_sitter-0.23.2-cp313-cp313-win_amd64.whl", hash = "sha256:c58d89348162fbc3aea1fe6511a66ee189fc0e4e4bbe937026f29e4ecef17763", size = 117854 },
    { url = "https://files.pythonhosted.org/packages/89/4d/1728d9ce32a1d851081911b7e47830f5e740431f2bb920f54bb8c26175bc/tree_sitter-0.23.2-cp313-cp313-win_arm64.whl", hash = "sha256:0ff2037be5edab7801de3f6a721b9cf010853f612e2008ee454e0e0badb225a6", size = 102492 },
]

[[package]]
name = "tree-sitter-languages"
version = "1.10.2"
source = { registry = "https://pypi.org/simple" }
dependencies = [
    { name = "tree-sitter" },
]
wheels = [
    { url = "https://files.pythonhosted.org/packages/24/6c/c310e958296ce12076bec846c0bb779bc114897b33901c4c51c09bb6b695/tree_sitter_languages-1.10.2-cp311-cp311-macosx_10_9_x86_64.whl", hash = "sha256:7eb7d7542b2091c875fe52719209631fca36f8c10fa66970d2c576ae6a1b8289", size = 8884893 },
    { url = "https://files.pythonhosted.org/packages/65/82/183b039abe46d6753357019b4f0484d5b74973ee4675da2f26af5ba8dfdf/tree_sitter_languages-1.10.2-cp311-cp311-macosx_11_0_arm64.whl", hash = "sha256:6b41bcb00974b1c8a1800c7f1bb476a1d15a0463e760ee24872f2d53b08ee424", size = 9724629 },
    { url = "https://files.pythonhosted.org/packages/ba/a2/e8272617901f896ae36459ed2a2ff06d9b1ff5e6157d034c5e2c9885c741/tree_sitter_languages-1.10.2-cp311-cp311-manylinux_2_17_aarch64.manylinux2014_aarch64.whl", hash = "sha256:6f370cd7845c6c81df05680d5bd96db8a99d32b56f4728c5d05978911130a853", size = 8669175 },
    { url = "https://files.pythonhosted.org/packages/a6/97/2c72765a807ea226759a827324ed6a74382b4ae1b18321c67333199a4622/tree_sitter_languages-1.10.2-cp311-cp311-manylinux_2_17_i686.manylinux2014_i686.whl", hash = "sha256:a1dc195c88ef4c72607e112a809a69190e096a2e5ebc6201548b3e05fdd169ad", size = 8584029 },
    { url = "https://files.pythonhosted.org/packages/96/81/ab4eda8dbd3f736fcc9a508bc69232d3b9076cd46b932d9bf9d49b9a1ec9/tree_sitter_languages-1.10.2-cp311-cp311-manylinux_2_17_x86_64.manylinux2014_x86_64.whl", hash = "sha256:9ae34ac314a7170be24998a0f994c1ac80761d8d4bd126af27ee53a023d3b849", size = 8422544 },
    { url = "https://files.pythonhosted.org/packages/80/35/9af34d7259399179ecc2a9f8e73a795c1caf3220b01d566c3ddd20ed5e1c/tree_sitter_languages-1.10.2-cp311-cp311-musllinux_1_1_aarch64.whl", hash = "sha256:01b5742d5f5bd675489486b582bd482215880b26dde042c067f8265a6e925d9c", size = 9186540 },
    { url = "https://files.pythonhosted.org/packages/a7/24/3e3d5a83578f9942ab882c9c89e757fd3e98ca7d68f7608c9702d8608a1c/tree_sitter_languages-1.10.2-cp311-cp311-musllinux_1_1_i686.whl", hash = "sha256:ab1cbc46244d34fd16f21edaa20231b2a57f09f092a06ee3d469f3117e6eb954", size = 9166371 },
    { url = "https://files.pythonhosted.org/packages/f2/81/7792b474916541081533942598feaabc6e1df993892375a1a3d8f7100483/tree_sitter_languages-1.10.2-cp311-cp311-musllinux_1_1_x86_64.whl", hash = "sha256:0b1149e7467a4e92b8a70e6005fe762f880f493cf811fc003554b29f04f5e7c8", size = 8945341 },
    { url = "https://files.pythonhosted.org/packages/6d/80/5e9679325e260cce2893b4a97a3914d5ed729024bb9b08a32d9b0d83ef7a/tree_sitter_languages-1.10.2-cp311-cp311-win32.whl", hash = "sha256:049276343962f4696390ee555acc2c1a65873270c66a6cbe5cb0bca83bcdf3c6", size = 8363372 },
    { url = "https://files.pythonhosted.org/packages/d9/52/e122dfc6739664c963a62f4b6717853e86295659c8531e2f1842bad9aba5/tree_sitter_languages-1.10.2-cp311-cp311-win_amd64.whl", hash = "sha256:7f3fdd468a577f04db3b63454d939e26e360229b53c80361920aa1ebf2cd7491", size = 8269020 },
    { url = "https://files.pythonhosted.org/packages/8d/bf/a9bd2d6ecbd053de0a5a50c150105b69c90eb49089f9e1d4fc4937e86adc/tree_sitter_languages-1.10.2-cp312-cp312-macosx_10_9_x86_64.whl", hash = "sha256:c0f4c8b2734c45859edc7fcaaeaab97a074114111b5ba51ab4ec7ed52104763c", size = 8884771 },
    { url = "https://files.pythonhosted.org/packages/14/fb/1f6fe5903aeb7435cc66d4b56621e9a30a4de64420555b999de65b31fcae/tree_sitter_languages-1.10.2-cp312-cp312-macosx_11_0_arm64.whl", hash = "sha256:eecd3c1244ac3425b7a82ba9125b4ddb45d953bbe61de114c0334fd89b7fe782", size = 9724562 },
    { url = "https://files.pythonhosted.org/packages/20/6c/1855a65c9d6b50600f7a68e0182153db7cb12ff81fdebd93e87851dfdd8f/tree_sitter_languages-1.10.2-cp312-cp312-manylinux_2_17_aarch64.manylinux2014_aarch64.whl", hash = "sha256:15db3c8510bc39a80147ee7421bf4782c15c09581c1dc2237ea89cefbd95b846", size = 8678682 },
    { url = "https://files.pythonhosted.org/packages/d0/75/eff180f187ce4dc3e5177b3f8508e0061ea786ac44f409cf69cf24bf31a6/tree_sitter_languages-1.10.2-cp312-cp312-manylinux_2_17_i686.manylinux2014_i686.whl", hash = "sha256:92c6487a6feea683154d3e06e6db68c30e0ae749a7ce4ce90b9e4e46b78c85c7", size = 8595099 },
    { url = "https://files.pythonhosted.org/packages/f2/e6/eddc76ad899d77adcb5fca6cdf651eb1d33b4a799456bf303540f6cf8204/tree_sitter_languages-1.10.2-cp312-cp312-manylinux_2_17_x86_64.manylinux2014_x86_64.whl", hash = "sha256:6d2f1cd1d1bdd65332f9c2b67d49dcf148cf1ded752851d159ac3e5ee4f4d260", size = 8433569 },
    { url = "https://files.pythonhosted.org/packages/06/95/a13da048c33a876d0475974484bf66b1fae07226e8654b1365ab549309cd/tree_sitter_languages-1.10.2-cp312-cp312-musllinux_1_1_aarch64.whl", hash = "sha256:976c8039165b8e12f17a01ddee9f4e23ec6e352b165ad29b44d2bf04e2fbe77e", size = 9196003 },
    { url = "https://files.pythonhosted.org/packages/ec/13/9e5cb03914d60dd51047ecbfab5400309fbab14bb25014af388f492da044/tree_sitter_languages-1.10.2-cp312-cp312-musllinux_1_1_i686.whl", hash = "sha256:dafbbdf16bf668a580902e1620f4baa1913e79438abcce721a50647564c687b9", size = 9175560 },
    { url = "https://files.pythonhosted.org/packages/19/76/25bb32a9be1c476e388835d5c8de5af2920af055e295770003683896cfe2/tree_sitter_languages-1.10.2-cp312-cp312-musllinux_1_1_x86_64.whl", hash = "sha256:1aeabd3d60d6d276b73cd8f3739d595b1299d123cc079a317f1a5b3c5461e2ca", size = 8956249 },
    { url = "https://files.pythonhosted.org/packages/52/01/8e2f97a444d25dde1380ec20b338722f733b6cc290524357b1be3dd452ab/tree_sitter_languages-1.10.2-cp312-cp312-win32.whl", hash = "sha256:fab8ee641914098e8933b87ea3d657bea4dd00723c1ee7038b847b12eeeef4f5", size = 8363094 },
    { url = "https://files.pythonhosted.org/packages/47/58/0262e875dd899447476a8ffde7829df3716ffa772990095c65d6de1f053c/tree_sitter_languages-1.10.2-cp312-cp312-win_amd64.whl", hash = "sha256:5e606430d736367e5787fa5a7a0c5a1ec9b85eded0b3596bbc0d83532a40810b", size = 8268983 },
]
