version = 1
requires-python = ">=3.11"

[[package]]
name = "fastdaimacodeassist"
version = "0.1.0"
source = { virtual = "." }
dependencies = [
    { name = "tree-sitter" },
    { name = "tree-sitter-languages" },
    { name = "tree-sitter-python" },
]

[package.metadata]
requires-dist = [
    { name = "tree-sitter", specifier = "==0.21.3" },
    { name = "tree-sitter-languages", specifier = ">=1.10.2" },
    { name = "tree-sitter-python", specifier = ">=0.23.4" },
]

[[package]]
name = "tree-sitter"
version = "0.21.3"
source = { registry = "https://pypi.org/simple" }
sdist = { url = "https://files.pythonhosted.org/packages/39/9e/b7cb190aa08e4ea387f2b1531da03efb4b8b033426753c0b97e3698645f6/tree-sitter-0.21.3.tar.gz", hash = "sha256:b5de3028921522365aa864d95b3c41926e0ba6a85ee5bd000e10dc49b0766988", size = 155688 }
wheels = [
    { url = "https://files.pythonhosted.org/packages/63/b5/72657d5874d7f0a722c0288f04e5e2bc33d7715b13a858885b6593047dce/tree_sitter-0.21.3-cp311-cp311-macosx_10_9_x86_64.whl", hash = "sha256:54b22c3c2aab3e3639a4b255d9df8455da2921d050c4829b6a5663b057f10db5", size = 133429 },
    { url = "https://files.pythonhosted.org/packages/d3/64/c5d397efbb6d0dbed4254cd2ca389ed186a2e1e7e32661059f6eeaaf6424/tree_sitter-0.21.3-cp311-cp311-macosx_11_0_arm64.whl", hash = "sha256:ab6e88c1e2d5e84ff0f9e5cd83f21b8e5074ad292a2cf19df3ba31d94fbcecd4", size = 126088 },
    { url = "https://files.pythonhosted.org/packages/ba/88/941669acc140f94e6c6196d6d8676ac4cd57c3b3fbc1ee61bb11c1b2da71/tree_sitter-0.21.3-cp311-cp311-manylinux_2_17_aarch64.manylinux2014_aarch64.whl", hash = "sha256:fc3fd34ed4cd5db445bc448361b5da46a2a781c648328dc5879d768f16a46771", size = 487879 },
    { url = "https://files.pythonhosted.org/packages/29/4e/798154f2846d620bf9fa3bc244e056d4858f2108f834656bf9f1219d4f30/tree_sitter-0.21.3-cp311-cp311-manylinux_2_17_x86_64.manylinux2014_x86_64.whl", hash = "sha256:fabc7182f6083269ce3cfcad202fe01516aa80df64573b390af6cd853e8444a1", size = 498776 },
    { url = "https://files.pythonhosted.org/packages/6e/d1/05ea77487bc7a3946d0e80fb6c5cb61515953f5e7a4f6804b98e113ed4b0/tree_sitter-0.21.3-cp311-cp311-musllinux_1_1_aarch64.whl", hash = "sha256:4f874c3f7d2a2faf5c91982dc7d88ff2a8f183a21fe475c29bee3009773b0558", size = 483348 },
    { url = "https://files.pythonhosted.org/packages/42/fa/bf938e7c6afbc368d503deeda060891c3dba57e2d1166e4b884271f55616/tree_sitter-0.21.3-cp311-cp311-musllinux_1_1_x86_64.whl", hash = "sha256:ee61ee3b7a4eedf9d8f1635c68ba4a6fa8c46929601fc48a907c6cfef0cfbcb2", size = 493757 },
    { url = "https://files.pythonhosted.org/packages/1d/a7/98da36a6eab22f5729989c9e0137b1b04cbe368d1e024fccd72c0b00719b/tree_sitter-0.21.3-cp311-cp311-win_amd64.whl", hash = "sha256:0b7256c723642de1c05fbb776b27742204a2382e337af22f4d9e279d77df7aa2", size = 109735 },
    { url = "https://files.pythonhosted.org/packages/81/e1/cceb06eae617a6bf5eeeefa9813d9fd57d89b50f526ce02486a336bcd2a9/tree_sitter-0.21.3-cp312-cp312-macosx_10_9_x86_64.whl", hash = "sha256:669b3e5a52cb1e37d60c7b16cc2221c76520445bb4f12dd17fd7220217f5abf3", size = 133640 },
    { url = "https://files.pythonhosted.org/packages/f6/ce/ac14e5cbb0f30b7bd338122491ee2b8e6c0408cfe26741cbd66fa9b53d35/tree_sitter-0.21.3-cp312-cp312-macosx_11_0_arm64.whl", hash = "sha256:2aa2a5099a9f667730ff26d57533cc893d766667f4d8a9877e76a9e74f48f0d3", size = 125954 },
    { url = "https://files.pythonhosted.org/packages/c2/df/76dbf830126e566c48db0d1bf2bef3f9d8cac938302a9b0f762ded8206c2/tree_sitter-0.21.3-cp312-cp312-manylinux_2_17_aarch64.manylinux2014_aarch64.whl", hash = "sha256:6a3e06ae2a517cf6f1abb682974f76fa760298e6d5a3ecf2cf140c70f898adf0", size = 490092 },
    { url = "https://files.pythonhosted.org/packages/ec/87/0c3593552cb0d09ab6271d37fc0e6a9476919d2a975661d709d4b3289fc7/tree_sitter-0.21.3-cp312-cp312-manylinux_2_17_x86_64.manylinux2014_x86_64.whl", hash = "sha256:af992dfe08b4fefcfcdb40548d0d26d5d2e0a0f2d833487372f3728cd0772b48", size = 502155 },
    { url = "https://files.pythonhosted.org/packages/05/92/b2cb22cf52c18fcc95662897f380cf230c443dfc9196b872aad5948b7bb3/tree_sitter-0.21.3-cp312-cp312-musllinux_1_1_aarch64.whl", hash = "sha256:c7cbab1dd9765138505c4a55e2aa857575bac4f1f8a8b0457744a4fefa1288e6", size = 486020 },
    { url = "https://files.pythonhosted.org/packages/4a/ea/69b543538a46d763f3e787234d1617b718ab90f32ffa676ca856f1d9540e/tree_sitter-0.21.3-cp312-cp312-musllinux_1_1_x86_64.whl", hash = "sha256:e1e66aeb457d1529370fcb0997ae5584c6879e0e662f1b11b2f295ea57e22f54", size = 496348 },
    { url = "https://files.pythonhosted.org/packages/eb/4f/df4ea84476443021707b537217c32147ccccbc3e10c17b216a969991e1b3/tree_sitter-0.21.3-cp312-cp312-win_amd64.whl", hash = "sha256:013c750252dc3bd0e069d82e9658de35ed50eecf31c6586d0de7f942546824c5", size = 109771 },
]

[[package]]
name = "tree-sitter-languages"
version = "1.10.2"
source = { registry = "https://pypi.org/simple" }
dependencies = [
    { name = "tree-sitter" },
]
wheels = [
    { url = "https://files.pythonhosted.org/packages/24/6c/c310e958296ce12076bec846c0bb779bc114897b33901c4c51c09bb6b695/tree_sitter_languages-1.10.2-cp311-cp311-macosx_10_9_x86_64.whl", hash = "sha256:7eb7d7542b2091c875fe52719209631fca36f8c10fa66970d2c576ae6a1b8289", size = 8884893 },
    { url = "https://files.pythonhosted.org/packages/65/82/183b039abe46d6753357019b4f0484d5b74973ee4675da2f26af5ba8dfdf/tree_sitter_languages-1.10.2-cp311-cp311-macosx_11_0_arm64.whl", hash = "sha256:6b41bcb00974b1c8a1800c7f1bb476a1d15a0463e760ee24872f2d53b08ee424", size = 9724629 },
    { url = "https://files.pythonhosted.org/packages/ba/a2/e8272617901f896ae36459ed2a2ff06d9b1ff5e6157d034c5e2c9885c741/tree_sitter_languages-1.10.2-cp311-cp311-manylinux_2_17_aarch64.manylinux2014_aarch64.whl", hash = "sha256:6f370cd7845c6c81df05680d5bd96db8a99d32b56f4728c5d05978911130a853", size = 8669175 },
    { url = "https://files.pythonhosted.org/packages/a6/97/2c72765a807ea226759a827324ed6a74382b4ae1b18321c67333199a4622/tree_sitter_languages-1.10.2-cp311-cp311-manylinux_2_17_i686.manylinux2014_i686.whl", hash = "sha256:a1dc195c88ef4c72607e112a809a69190e096a2e5ebc6201548b3e05fdd169ad", size = 8584029 },
    { url = "https://files.pythonhosted.org/packages/96/81/ab4eda8dbd3f736fcc9a508bc69232d3b9076cd46b932d9bf9d49b9a1ec9/tree_sitter_languages-1.10.2-cp311-cp311-manylinux_2_17_x86_64.manylinux2014_x86_64.whl", hash = "sha256:9ae34ac314a7170be24998a0f994c1ac80761d8d4bd126af27ee53a023d3b849", size = 8422544 },
    { url = "https://files.pythonhosted.org/packages/80/35/9af34d7259399179ecc2a9f8e73a795c1caf3220b01d566c3ddd20ed5e1c/tree_sitter_languages-1.10.2-cp311-cp311-musllinux_1_1_aarch64.whl", hash = "sha256:01b5742d5f5bd675489486b582bd482215880b26dde042c067f8265a6e925d9c", size = 9186540 },
    { url = "https://files.pythonhosted.org/packages/a7/24/3e3d5a83578f9942ab882c9c89e757fd3e98ca7d68f7608c9702d8608a1c/tree_sitter_languages-1.10.2-cp311-cp311-musllinux_1_1_i686.whl", hash = "sha256:ab1cbc46244d34fd16f21edaa20231b2a57f09f092a06ee3d469f3117e6eb954", size = 9166371 },
    { url = "https://files.pythonhosted.org/packages/f2/81/7792b474916541081533942598feaabc6e1df993892375a1a3d8f7100483/tree_sitter_languages-1.10.2-cp311-cp311-musllinux_1_1_x86_64.whl", hash = "sha256:0b1149e7467a4e92b8a70e6005fe762f880f493cf811fc003554b29f04f5e7c8", size = 8945341 },
    { url = "https://files.pythonhosted.org/packages/6d/80/5e9679325e260cce2893b4a97a3914d5ed729024bb9b08a32d9b0d83ef7a/tree_sitter_languages-1.10.2-cp311-cp311-win32.whl", hash = "sha256:049276343962f4696390ee555acc2c1a65873270c66a6cbe5cb0bca83bcdf3c6", size = 8363372 },
    { url = "https://files.pythonhosted.org/packages/d9/52/e122dfc6739664c963a62f4b6717853e86295659c8531e2f1842bad9aba5/tree_sitter_languages-1.10.2-cp311-cp311-win_amd64.whl", hash = "sha256:7f3fdd468a577f04db3b63454d939e26e360229b53c80361920aa1ebf2cd7491", size = 8269020 },
    { url = "https://files.pythonhosted.org/packages/8d/bf/a9bd2d6ecbd053de0a5a50c150105b69c90eb49089f9e1d4fc4937e86adc/tree_sitter_languages-1.10.2-cp312-cp312-macosx_10_9_x86_64.whl", hash = "sha256:c0f4c8b2734c45859edc7fcaaeaab97a074114111b5ba51ab4ec7ed52104763c", size = 8884771 },
    { url = "https://files.pythonhosted.org/packages/14/fb/1f6fe5903aeb7435cc66d4b56621e9a30a4de64420555b999de65b31fcae/tree_sitter_languages-1.10.2-cp312-cp312-macosx_11_0_arm64.whl", hash = "sha256:eecd3c1244ac3425b7a82ba9125b4ddb45d953bbe61de114c0334fd89b7fe782", size = 9724562 },
    { url = "https://files.pythonhosted.org/packages/20/6c/1855a65c9d6b50600f7a68e0182153db7cb12ff81fdebd93e87851dfdd8f/tree_sitter_languages-1.10.2-cp312-cp312-manylinux_2_17_aarch64.manylinux2014_aarch64.whl", hash = "sha256:15db3c8510bc39a80147ee7421bf4782c15c09581c1dc2237ea89cefbd95b846", size = 8678682 },
    { url = "https://files.pythonhosted.org/packages/d0/75/eff180f187ce4dc3e5177b3f8508e0061ea786ac44f409cf69cf24bf31a6/tree_sitter_languages-1.10.2-cp312-cp312-manylinux_2_17_i686.manylinux2014_i686.whl", hash = "sha256:92c6487a6feea683154d3e06e6db68c30e0ae749a7ce4ce90b9e4e46b78c85c7", size = 8595099 },
    { url = "https://files.pythonhosted.org/packages/f2/e6/eddc76ad899d77adcb5fca6cdf651eb1d33b4a799456bf303540f6cf8204/tree_sitter_languages-1.10.2-cp312-cp312-manylinux_2_17_x86_64.manylinux2014_x86_64.whl", hash = "sha256:6d2f1cd1d1bdd65332f9c2b67d49dcf148cf1ded752851d159ac3e5ee4f4d260", size = 8433569 },
    { url = "https://files.pythonhosted.org/packages/06/95/a13da048c33a876d0475974484bf66b1fae07226e8654b1365ab549309cd/tree_sitter_languages-1.10.2-cp312-cp312-musllinux_1_1_aarch64.whl", hash = "sha256:976c8039165b8e12f17a01ddee9f4e23ec6e352b165ad29b44d2bf04e2fbe77e", size = 9196003 },
    { url = "https://files.pythonhosted.org/packages/ec/13/9e5cb03914d60dd51047ecbfab5400309fbab14bb25014af388f492da044/tree_sitter_languages-1.10.2-cp312-cp312-musllinux_1_1_i686.whl", hash = "sha256:dafbbdf16bf668a580902e1620f4baa1913e79438abcce721a50647564c687b9", size = 9175560 },
    { url = "https://files.pythonhosted.org/packages/19/76/25bb32a9be1c476e388835d5c8de5af2920af055e295770003683896cfe2/tree_sitter_languages-1.10.2-cp312-cp312-musllinux_1_1_x86_64.whl", hash = "sha256:1aeabd3d60d6d276b73cd8f3739d595b1299d123cc079a317f1a5b3c5461e2ca", size = 8956249 },
    { url = "https://files.pythonhosted.org/packages/52/01/8e2f97a444d25dde1380ec20b338722f733b6cc290524357b1be3dd452ab/tree_sitter_languages-1.10.2-cp312-cp312-win32.whl", hash = "sha256:fab8ee641914098e8933b87ea3d657bea4dd00723c1ee7038b847b12eeeef4f5", size = 8363094 },
    { url = "https://files.pythonhosted.org/packages/47/58/0262e875dd899447476a8ffde7829df3716ffa772990095c65d6de1f053c/tree_sitter_languages-1.10.2-cp312-cp312-win_amd64.whl", hash = "sha256:5e606430d736367e5787fa5a7a0c5a1ec9b85eded0b3596bbc0d83532a40810b", size = 8268983 },
]

[[package]]
name = "tree-sitter-python"
version = "0.23.4"
source = { registry = "https://pypi.org/simple" }
sdist = { url = "https://files.pythonhosted.org/packages/e8/f3/a6eb5230cf8135af05904c41ce76f776a8c0135d058b277682401274566c/tree_sitter_python-0.23.4.tar.gz", hash = "sha256:da1752137c86a3ba42e646367fbc939df61fb1b48de239a74e1e5e0b1b7f163e", size = 154754 }
wheels = [
    { url = "https://files.pythonhosted.org/packages/7e/3f/11b387407761f23ade149913e96c6dc19e779b6d48c6659918d0cd57220f/tree_sitter_python-0.23.4-cp39-abi3-macosx_10_9_x86_64.whl", hash = "sha256:188d70f36190cee62808b614de6ecc20e5e79f7c44a2653f41056fddae6bb003", size = 73802 },
    { url = "https://files.pythonhosted.org/packages/c7/7c/75ae6b69daabb5bd20508c5df48cc081d4643741740abb1695f00c148536/tree_sitter_python-0.23.4-cp39-abi3-macosx_11_0_arm64.whl", hash = "sha256:a84227000c5d5e8ebc4ba5eb5ef9f7b92c7db5cfca02da593c2f41891a607333", size = 75861 },
    { url = "https://files.pythonhosted.org/packages/2c/2e/8d5830567907d16fa2e6d8ff75bc9a5c0817e48eac193b0bacee462592eb/tree_sitter_python-0.23.4-cp39-abi3-manylinux_2_17_aarch64.manylinux2014_aarch64.whl", hash = "sha256:3cbeaa9424a61794b98cefa6e364395ed529c39f3c0c65fda5f71a8974dd8e2c", size = 111274 },
    { url = "https://files.pythonhosted.org/packages/e4/e7/2b0a5f5715b4ce7831e7b89ab12a681712e4a762fd0ee9d838a25d6e16c2/tree_sitter_python-0.23.4-cp39-abi3-manylinux_2_5_x86_64.manylinux1_x86_64.manylinux_2_17_x86_64.manylinux2014_x86_64.whl", hash = "sha256:3735b77a07975a00a142431ecf16ad0de4033b8398ff23954c227a68603caf84", size = 111765 },
    { url = "https://files.pythonhosted.org/packages/0a/52/b6f2d6a8b68c7b1383093bdc653ec441c210deda4d8d3addc90e5146da65/tree_sitter_python-0.23.4-cp39-abi3-musllinux_1_2_x86_64.whl", hash = "sha256:7570eaf258bb1a6399aa56ee2679f1d48a156477e77660220c02fddd4af588ce", size = 108788 },
    { url = "https://files.pythonhosted.org/packages/a2/c5/04daf7da06add668e9a7297d24c4bb9e63c14846fdb7165405476b4f016e/tree_sitter_python-0.23.4-cp39-abi3-win_amd64.whl", hash = "sha256:785e4ac3d5e34e8012b26ea9baef7ab80f8d31703d3511e901064c4deac02cd4", size = 75357 },
    { url = "https://files.pythonhosted.org/packages/24/7f/c6d71c7b94fe72e3187c785e413a185c35babbef4acd9b56ed369c04464e/tree_sitter_python-0.23.4-cp39-abi3-win_arm64.whl", hash = "sha256:8acbd1345c57a3e10add8bb21713ea07eae25595b9d38c7e7034c542962851f9", size = 73079 },
]
